
Microsoft Visual Studio Solution File, Format Version 12.00
# Visual Studio 15
VisualStudioVersion = 15.0.26403.7
MinimumVisualStudioVersion = 10.0.40219.1
Project("{FAE04EC0-301F-11D3-BF4B-00C04F79EFBC}") = "pinwhell", "pinwhell\pinwhell.csproj", "{931E2699-EB8C-47DF-94B3-13B995212C34}"
EndProject
Project("{FAE04EC0-301F-11D3-BF4B-00C04F79EFBC}") = "Model", "Model\Model.csproj", "{F154254A-AE0D-4655-BDB6-0712D98567A3}"
EndProject
Project("{FAE04EC0-301F-11D3-BF4B-00C04F79EFBC}") = "Common", "Common\Common.csproj", "{C56FB00E-4CFE-4283-96B7-13DE94309E77}"
EndProject
Project("{FAE04EC0-301F-11D3-BF4B-00C04F79EFBC}") = "StaticResources", "StaticResources\StaticResources.csproj", "{D08FB603-240A-4ED8-9286-5E984ADF74D9}"
EndProject
Global
	GlobalSection(SolutionConfigurationPlatforms) = preSolution
		Debug|Any CPU = Debug|Any CPU
		Release|Any CPU = Release|Any CPU
	EndGlobalSection
	GlobalSection(ProjectConfigurationPlatforms) = postSolution
		{931E2699-EB8C-47DF-94B3-13B995212C34}.Debug|Any CPU.ActiveCfg = Debug|Any CPU
		{931E2699-EB8C-47DF-94B3-13B995212C34}.Debug|Any CPU.Build.0 = Debug|Any CPU
		{931E2699-EB8C-47DF-94B3-13B995212C34}.Release|Any CPU.ActiveCfg = Release|Any CPU
		{931E2699-EB8C-47DF-94B3-13B995212C34}.Release|Any CPU.Build.0 = Release|Any CPU
		{F154254A-AE0D-4655-BDB6-0712D98567A3}.Debug|Any CPU.ActiveCfg = Debug|Any CPU
		{F154254A-AE0D-4655-BDB6-0712D98567A3}.Debug|Any CPU.Build.0 = Debug|Any CPU
		{F154254A-AE0D-4655-BDB6-0712D98567A3}.Release|Any CPU.ActiveCfg = Release|Any CPU
		{F154254A-AE0D-4655-BDB6-0712D98567A3}.Release|Any CPU.Build.0 = Release|Any CPU
		{C56FB00E-4CFE-4283-96B7-13DE94309E77}.Debug|Any CPU.ActiveCfg = Debug|Any CPU
		{C56FB00E-4CFE-4283-96B7-13DE94309E77}.Debug|Any CPU.Build.0 = Debug|Any CPU
		{C56FB00E-4CFE-4283-96B7-13DE94309E77}.Release|Any CPU.ActiveCfg = Release|Any CPU
		{C56FB00E-4CFE-4283-96B7-13DE94309E77}.Release|Any CPU.Build.0 = Release|Any CPU
		{D08FB603-240A-4ED8-9286-5E984ADF74D9}.Debug|Any CPU.ActiveCfg = Debug|Any CPU
		{D08FB603-240A-4ED8-9286-5E984ADF74D9}.Debug|Any CPU.Build.0 = Debug|Any CPU
		{D08FB603-240A-4ED8-9286-5E984ADF74D9}.Release|Any CPU.ActiveCfg = Release|Any CPU
		{D08FB603-240A-4ED8-9286-5E984ADF74D9}.Release|Any CPU.Build.0 = Release|Any CPU
	EndGlobalSection
	GlobalSection(SolutionProperties) = preSolution
		HideSolutionNode = FALSE
	EndGlobalSection
EndGlobal
